{
  "name": "common",
  "lockfileVersion": 3,
  "requires": true,
  "packages": {
    "": {
      "devDependencies": {
        "@biomejs/biome": "^2.2.2"
      }
    },
    "node_modules/@biomejs/biome": {
      "version": "2.2.2",
      "resolved": "https://registry.npmjs.org/@biomejs/biome/-/biome-2.2.2.tgz",
      "integrity": "sha512-j1omAiQWCkhuLgwpMKisNKnsM6W8Xtt1l0WZmqY/dFj8QPNkIoTvk4tSsi40FaAAkBE1PU0AFG2RWFBWenAn+w==",
      "dev": true,
      "license": "MIT OR Apache-2.0",
      "bin": {
        "biome": "bin/biome"
      },
      "engines": {
        "node": ">=14.21.3"
      },
      "funding": {
        "type": "opencollective",
        "url": "https://opencollective.com/biome"
      },
      "optionalDependencies": {
        "@biomejs/cli-darwin-arm64": "2.2.2",
        "@biomejs/cli-darwin-x64": "2.2.2",
        "@biomejs/cli-linux-arm64": "2.2.2",
        "@biomejs/cli-linux-arm64-musl": "2.2.2",
        "@biomejs/cli-linux-x64": "2.2.2",
        "@biomejs/cli-linux-x64-musl": "2.2.2",
        "@biomejs/cli-win32-arm64": "2.2.2",
        "@biomejs/cli-win32-x64": "2.2.2"
      }
    },
    "node_modules/@biomejs/cli-darwin-arm64": {
      "version": "2.2.2",
      "resolved": "https://registry.npmjs.org/@biomejs/cli-darwin-arm64/-/cli-darwin-arm64-2.2.2.tgz",
      "integrity": "sha512-6ePfbCeCPryWu0CXlzsWNZgVz/kBEvHiPyNpmViSt6A2eoDf4kXs3YnwQPzGjy8oBgQulrHcLnJL0nkCh80mlQ==",
      "cpu": [
        "arm64"
      ],
      "dev": true,
      "license": "MIT OR Apache-2.0",
      "optional": true,
      "os": [
        "darwin"
      ],
      "engines": {
        "node": ">=14.21.3"
      }
    },
    "node_modules/@biomejs/cli-darwin-x64": {
      "version": "2.2.2",
      "resolved": "https://registry.npmjs.org/@biomejs/cli-darwin-x64/-/cli-darwin-x64-2.2.2.tgz",
      "integrity": "sha512-Tn4JmVO+rXsbRslml7FvKaNrlgUeJot++FkvYIhl1OkslVCofAtS35MPlBMhXgKWF9RNr9cwHanrPTUUXcYGag==",
      "cpu": [
        "x64"
      ],
      "dev": true,
      "license": "MIT OR Apache-2.0",
      "optional": true,
      "os": [
        "darwin"
      ],
      "engines": {
        "node": ">=14.21.3"
      }
    },
    "node_modules/@biomejs/cli-linux-arm64": {
      "version": "2.2.2",
      "resolved": "https://registry.npmjs.org/@biomejs/cli-linux-arm64/-/cli-linux-arm64-2.2.2.tgz",
      "integrity": "sha512-JfrK3gdmWWTh2J5tq/rcWCOsImVyzUnOS2fkjhiYKCQ+v8PqM+du5cfB7G1kXas+7KQeKSWALv18iQqdtIMvzw==",
      "cpu": [
        "arm64"
      ],
      "dev": true,
      "license": "MIT OR Apache-2.0",
      "optional": true,
      "os": [
        "linux"
      ],
      "engines": {
        "node": ">=14.21.3"
      }
    },
    "node_modules/@biomejs/cli-linux-arm64-musl": {
      "version": "2.2.2",
      "resolved": "https://registry.npmjs.org/@biomejs/cli-linux-arm64-musl/-/cli-linux-arm64-musl-2.2.2.tgz",
      "integrity": "sha512-/MhYg+Bd6renn6i1ylGFL5snYUn/Ct7zoGVKhxnro3bwekiZYE8Kl39BSb0MeuqM+72sThkQv4TnNubU9njQRw==",
      "cpu": [
        "arm64"
      ],
      "dev": true,
      "license": "MIT OR Apache-2.0",
      "optional": true,
      "os": [
        "linux"
      ],
      "engines": {
        "node": ">=14.21.3"
      }
    },
    "node_modules/@biomejs/cli-linux-x64": {
      "version": "2.2.2",
      "resolved": "https://registry.npmjs.org/@biomejs/cli-linux-x64/-/cli-linux-x64-2.2.2.tgz",
      "integrity": "sha512-Ogb+77edO5LEP/xbNicACOWVLt8mgC+E1wmpUakr+O4nKwLt9vXe74YNuT3T1dUBxC/SnrVmlzZFC7kQJEfquQ==",
      "cpu": [
        "x64"
      ],
      "dev": true,
      "license": "MIT OR Apache-2.0",
      "optional": true,
      "os": [
        "linux"
      ],
      "engines": {
        "node": ">=14.21.3"
      }
    },
    "node_modules/@biomejs/cli-linux-x64-musl": {
      "version": "2.2.2",
      "resolved": "https://registry.npmjs.org/@biomejs/cli-linux-x64-musl/-/cli-linux-x64-musl-2.2.2.tgz",
      "integrity": "sha512-ZCLXcZvjZKSiRY/cFANKg+z6Fhsf9MHOzj+NrDQcM+LbqYRT97LyCLWy2AS+W2vP+i89RyRM+kbGpUzbRTYWig==",
      "cpu": [
        "x64"
      ],
      "dev": true,
      "license": "MIT OR Apache-2.0",
      "optional": true,
      "os": [
        "linux"
      ],
      "engines": {
        "node": ">=14.21.3"
      }
    },
    "node_modules/@biomejs/cli-win32-arm64": {
      "version": "2.2.2",
      "resolved": "https://registry.npmjs.org/@biomejs/cli-win32-arm64/-/cli-win32-arm64-2.2.2.tgz",
      "integrity": "sha512-wBe2wItayw1zvtXysmHJQoQqXlTzHSpQRyPpJKiNIR21HzH/CrZRDFic1C1jDdp+zAPtqhNExa0owKMbNwW9cQ==",
      "cpu": [
        "arm64"
      ],
      "dev": true,
      "license": "MIT OR Apache-2.0",
      "optional": true,
      "os": [
        "win32"
      ],
      "engines": {
        "node": ">=14.21.3"
      }
    },
    "node_modules/@biomejs/cli-win32-x64": {
      "version": "2.2.2",
      "resolved": "https://registry.npmjs.org/@biomejs/cli-win32-x64/-/cli-win32-x64-2.2.2.tgz",
      "integrity": "sha512-DAuHhHekGfiGb6lCcsT4UyxQmVwQiBCBUMwVra/dcOSs9q8OhfaZgey51MlekT3p8UwRqtXQfFuEJBhJNdLZwg==",
      "cpu": [
        "x64"
      ],
      "dev": true,
      "license": "MIT OR Apache-2.0",
      "optional": true,
      "os": [
        "win32"
      ],
      "engines": {
        "node": ">=14.21.3"
      }
    }
  }
}
